github.com/jenska/m68kasm v1.4.0 h1:/VDRRGtmLKynjQJxFmLsvp0nDEPtfIClSFB0+e+m7js=
github.com/jenska/m68kasm v1.4.0/go.mod h1:0791j2jGF9H6JrtHde3qYZxCt2pJbQwT3VP7x/UZqYU=
github.com/jenska/m68kdasm v1.1.0 h1:z50gR+U1fvrcz3LDv1li7x4nedvx6a/JRkyIQ++/XQU=
github.com/jenska/m68kdasm v1.1.0/go.mod h1:fCE5ioFP52IewNAcb7wV5Pnj1hxTCA/82xb2lFaU1tc=
