github.com/jenska/m68kasm v1.5.0 h1:pGXQsUNAWf6ir3H9Um5rTvFF4e41M+BVFlj3lX19ZUY=
github.com/jenska/m68kasm v1.5.0/go.mod h1:0791j2jGF9H6JrtHde3qYZxCt2pJbQwT3VP7x/UZqYU=
github.com/jenska/m68kdasm v1.3.0 h1:6IkebcLnfWN8oUK9SVeEq0uKeAH1Kgg+cWmqY9I4E0A=
github.com/jenska/m68kdasm v1.3.0/go.mod h1:3hE79MltPspESFjTzMH5T/py36zM6nb9Fm4iiRWY3Ys=
